
Microsoft Visual Studio Solution File, Format Version 12.00
# Visual Studio 15
VisualStudioVersion = 15.0.28010.2050
MinimumVisualStudioVersion = 10.0.40219.1
Project("{9A19103F-16F7-4668-BE54-9A1E7A4F7556}") = "ShoppingCore.Presentation", "ShoppingCore.Presentation\ShoppingCore.Presentation.csproj", "{FBABEFA5-149E-4038-874C-F983E9854EB8}"
EndProject
Project("{9A19103F-16F7-4668-BE54-9A1E7A4F7556}") = "ShoppingCore.Domain", "ShoppingCore.Domain\ShoppingCore.Domain.csproj", "{467E03B3-5464-420F-95C8-7CD4BF608F85}"
EndProject
Project("{FAE04EC0-301F-11D3-BF4B-00C04F79EFBC}") = "ShoppingCore.Persistence", "ShoppingCore.Persistence\ShoppingCore.Persistence.csproj", "{DB11E438-6EF0-479E-8E9D-F4C3325E3079}"
EndProject
Project("{FAE04EC0-301F-11D3-BF4B-00C04F79EFBC}") = "ShoppingCore.Application", "ShoppingCore.Application\ShoppingCore.Application.csproj", "{A785942B-8C7B-4CF5-AEA6-211F20D809DD}"
EndProject
Global
	GlobalSection(SolutionConfigurationPlatforms) = preSolution
		Debug|Any CPU = Debug|Any CPU
		Release|Any CPU = Release|Any CPU
	EndGlobalSection
	GlobalSection(ProjectConfigurationPlatforms) = postSolution
		{FBABEFA5-149E-4038-874C-F983E9854EB8}.Debug|Any CPU.ActiveCfg = Debug|Any CPU
		{FBABEFA5-149E-4038-874C-F983E9854EB8}.Debug|Any CPU.Build.0 = Debug|Any CPU
		{FBABEFA5-149E-4038-874C-F983E9854EB8}.Release|Any CPU.ActiveCfg = Release|Any CPU
		{FBABEFA5-149E-4038-874C-F983E9854EB8}.Release|Any CPU.Build.0 = Release|Any CPU
		{467E03B3-5464-420F-95C8-7CD4BF608F85}.Debug|Any CPU.ActiveCfg = Debug|Any CPU
		{467E03B3-5464-420F-95C8-7CD4BF608F85}.Debug|Any CPU.Build.0 = Debug|Any CPU
		{467E03B3-5464-420F-95C8-7CD4BF608F85}.Release|Any CPU.ActiveCfg = Release|Any CPU
		{467E03B3-5464-420F-95C8-7CD4BF608F85}.Release|Any CPU.Build.0 = Release|Any CPU
		{DB11E438-6EF0-479E-8E9D-F4C3325E3079}.Debug|Any CPU.ActiveCfg = Debug|Any CPU
		{DB11E438-6EF0-479E-8E9D-F4C3325E3079}.Debug|Any CPU.Build.0 = Debug|Any CPU
		{DB11E438-6EF0-479E-8E9D-F4C3325E3079}.Release|Any CPU.ActiveCfg = Release|Any CPU
		{DB11E438-6EF0-479E-8E9D-F4C3325E3079}.Release|Any CPU.Build.0 = Release|Any CPU
		{A785942B-8C7B-4CF5-AEA6-211F20D809DD}.Debug|Any CPU.ActiveCfg = Debug|Any CPU
		{A785942B-8C7B-4CF5-AEA6-211F20D809DD}.Debug|Any CPU.Build.0 = Debug|Any CPU
		{A785942B-8C7B-4CF5-AEA6-211F20D809DD}.Release|Any CPU.ActiveCfg = Release|Any CPU
		{A785942B-8C7B-4CF5-AEA6-211F20D809DD}.Release|Any CPU.Build.0 = Release|Any CPU
	EndGlobalSection
	GlobalSection(SolutionProperties) = preSolution
		HideSolutionNode = FALSE
	EndGlobalSection
	GlobalSection(ExtensibilityGlobals) = postSolution
		SolutionGuid = {76898979-2A23-42C5-965E-6B840DEBEC7F}
	EndGlobalSection
EndGlobal
