
Microsoft Visual Studio Solution File, Format Version 12.00
# Visual Studio 15
VisualStudioVersion = 15.0.28010.2050
MinimumVisualStudioVersion = 10.0.40219.1
Project("{9A19103F-16F7-4668-BE54-9A1E7A4F7556}") = "LanguageFeatures", "Research\LanguageFeatures\LanguageFeatures.csproj", "{47D93DD7-A073-469F-B3E7-01FFD24EBA86}"
EndProject
Project("{9A19103F-16F7-4668-BE54-9A1E7A4F7556}") = "ShoppingCore.Presentation.ConsoleUI", "Presentation\Console\ShoppingCore.Presentation.ConsoleUI\ShoppingCore.Presentation.ConsoleUI.csproj", "{67EFF6AD-E608-4832-A9BF-311577C6FD82}"
EndProject
Project("{9A19103F-16F7-4668-BE54-9A1E7A4F7556}") = "ShoppingCore.Domain", "Domain\ShoppingCore.Domain\ShoppingCore.Domain.csproj", "{B9BC2FFD-2DC5-4D36-A6F7-2B8D68BAA0BF}"
EndProject
Project("{9A19103F-16F7-4668-BE54-9A1E7A4F7556}") = "ShoppingCore.Application", "Application\ShoppingCore.Application\ShoppingCore.Application.csproj", "{FF456710-F1CF-473A-A414-D4CDB0C2633A}"
EndProject
Project("{9A19103F-16F7-4668-BE54-9A1E7A4F7556}") = "ShoppingCore.Provider.EfCore", "Providers\ShoppingCore.Provider.EfCore\ShoppingCore.Provider.EfCore.csproj", "{D7CA4AFB-3AB1-4C00-A3A7-FD7988350093}"
EndProject
Project("{9A19103F-16F7-4668-BE54-9A1E7A4F7556}") = "ShoppingCore.DependencyInjection", "Research\ShoppingCore.DependencyInjection\ShoppingCore.DependencyInjection.csproj", "{A5DC4D76-DF07-4784-896B-FCA1476F054A}"
EndProject
Project("{9A19103F-16F7-4668-BE54-9A1E7A4F7556}") = "ShoppingCore.Service", "Research\ShoppingCore.Service\ShoppingCore.Service.csproj", "{45EE17C4-EC59-45DB-BCE6-5ADB1E5BF34B}"
EndProject
Project("{9A19103F-16F7-4668-BE54-9A1E7A4F7556}") = "ShoppingCore.Persistence", "Persistence\ShoppingCore.Persistence\ShoppingCore.Persistence.csproj", "{91AC8FF9-5FA9-486E-903A-C800C3E5BB06}"
EndProject
Project("{9A19103F-16F7-4668-BE54-9A1E7A4F7556}") = "ShoppingCore.Presentation", "Presentation\Web\ShoppingCore.Presentation\ShoppingCore.Presentation.csproj", "{1A1FCE6C-5FA6-47C3-83C5-D443A6B8B0E1}"
EndProject
Project("{9A19103F-16F7-4668-BE54-9A1E7A4F7556}") = "ShoppingCore.Presentation.Models", "Presentation\Models\ShoppingCore.Presentation.Models\ShoppingCore.Presentation.Models.csproj", "{07F1D586-AC11-4BFA-8ECF-9147AA098F88}"
EndProject
Project("{FAE04EC0-301F-11D3-BF4B-00C04F79EFBC}") = "ShoppingCore.Utilities", "Utilities\ShoppingCore.Utilities\ShoppingCore.Utilities.csproj", "{52181395-1547-4551-8EBF-4731BDE74530}"
EndProject
Global
	GlobalSection(SolutionConfigurationPlatforms) = preSolution
		Debug|Any CPU = Debug|Any CPU
		Release|Any CPU = Release|Any CPU
	EndGlobalSection
	GlobalSection(ProjectConfigurationPlatforms) = postSolution
		{47D93DD7-A073-469F-B3E7-01FFD24EBA86}.Debug|Any CPU.ActiveCfg = Debug|Any CPU
		{47D93DD7-A073-469F-B3E7-01FFD24EBA86}.Debug|Any CPU.Build.0 = Debug|Any CPU
		{47D93DD7-A073-469F-B3E7-01FFD24EBA86}.Release|Any CPU.ActiveCfg = Release|Any CPU
		{47D93DD7-A073-469F-B3E7-01FFD24EBA86}.Release|Any CPU.Build.0 = Release|Any CPU
		{67EFF6AD-E608-4832-A9BF-311577C6FD82}.Debug|Any CPU.ActiveCfg = Debug|Any CPU
		{67EFF6AD-E608-4832-A9BF-311577C6FD82}.Debug|Any CPU.Build.0 = Debug|Any CPU
		{67EFF6AD-E608-4832-A9BF-311577C6FD82}.Release|Any CPU.ActiveCfg = Release|Any CPU
		{67EFF6AD-E608-4832-A9BF-311577C6FD82}.Release|Any CPU.Build.0 = Release|Any CPU
		{B9BC2FFD-2DC5-4D36-A6F7-2B8D68BAA0BF}.Debug|Any CPU.ActiveCfg = Debug|Any CPU
		{B9BC2FFD-2DC5-4D36-A6F7-2B8D68BAA0BF}.Debug|Any CPU.Build.0 = Debug|Any CPU
		{B9BC2FFD-2DC5-4D36-A6F7-2B8D68BAA0BF}.Release|Any CPU.ActiveCfg = Release|Any CPU
		{B9BC2FFD-2DC5-4D36-A6F7-2B8D68BAA0BF}.Release|Any CPU.Build.0 = Release|Any CPU
		{FF456710-F1CF-473A-A414-D4CDB0C2633A}.Debug|Any CPU.ActiveCfg = Debug|Any CPU
		{FF456710-F1CF-473A-A414-D4CDB0C2633A}.Debug|Any CPU.Build.0 = Debug|Any CPU
		{FF456710-F1CF-473A-A414-D4CDB0C2633A}.Release|Any CPU.ActiveCfg = Release|Any CPU
		{FF456710-F1CF-473A-A414-D4CDB0C2633A}.Release|Any CPU.Build.0 = Release|Any CPU
		{D7CA4AFB-3AB1-4C00-A3A7-FD7988350093}.Debug|Any CPU.ActiveCfg = Debug|Any CPU
		{D7CA4AFB-3AB1-4C00-A3A7-FD7988350093}.Debug|Any CPU.Build.0 = Debug|Any CPU
		{D7CA4AFB-3AB1-4C00-A3A7-FD7988350093}.Release|Any CPU.ActiveCfg = Release|Any CPU
		{D7CA4AFB-3AB1-4C00-A3A7-FD7988350093}.Release|Any CPU.Build.0 = Release|Any CPU
		{A5DC4D76-DF07-4784-896B-FCA1476F054A}.Debug|Any CPU.ActiveCfg = Debug|Any CPU
		{A5DC4D76-DF07-4784-896B-FCA1476F054A}.Debug|Any CPU.Build.0 = Debug|Any CPU
		{A5DC4D76-DF07-4784-896B-FCA1476F054A}.Release|Any CPU.ActiveCfg = Release|Any CPU
		{A5DC4D76-DF07-4784-896B-FCA1476F054A}.Release|Any CPU.Build.0 = Release|Any CPU
		{45EE17C4-EC59-45DB-BCE6-5ADB1E5BF34B}.Debug|Any CPU.ActiveCfg = Debug|Any CPU
		{45EE17C4-EC59-45DB-BCE6-5ADB1E5BF34B}.Debug|Any CPU.Build.0 = Debug|Any CPU
		{45EE17C4-EC59-45DB-BCE6-5ADB1E5BF34B}.Release|Any CPU.ActiveCfg = Release|Any CPU
		{45EE17C4-EC59-45DB-BCE6-5ADB1E5BF34B}.Release|Any CPU.Build.0 = Release|Any CPU
		{91AC8FF9-5FA9-486E-903A-C800C3E5BB06}.Debug|Any CPU.ActiveCfg = Debug|Any CPU
		{91AC8FF9-5FA9-486E-903A-C800C3E5BB06}.Debug|Any CPU.Build.0 = Debug|Any CPU
		{91AC8FF9-5FA9-486E-903A-C800C3E5BB06}.Release|Any CPU.ActiveCfg = Release|Any CPU
		{91AC8FF9-5FA9-486E-903A-C800C3E5BB06}.Release|Any CPU.Build.0 = Release|Any CPU
		{1A1FCE6C-5FA6-47C3-83C5-D443A6B8B0E1}.Debug|Any CPU.ActiveCfg = Debug|Any CPU
		{1A1FCE6C-5FA6-47C3-83C5-D443A6B8B0E1}.Debug|Any CPU.Build.0 = Debug|Any CPU
		{1A1FCE6C-5FA6-47C3-83C5-D443A6B8B0E1}.Release|Any CPU.ActiveCfg = Release|Any CPU
		{1A1FCE6C-5FA6-47C3-83C5-D443A6B8B0E1}.Release|Any CPU.Build.0 = Release|Any CPU
		{07F1D586-AC11-4BFA-8ECF-9147AA098F88}.Debug|Any CPU.ActiveCfg = Debug|Any CPU
		{07F1D586-AC11-4BFA-8ECF-9147AA098F88}.Debug|Any CPU.Build.0 = Debug|Any CPU
		{07F1D586-AC11-4BFA-8ECF-9147AA098F88}.Release|Any CPU.ActiveCfg = Release|Any CPU
		{07F1D586-AC11-4BFA-8ECF-9147AA098F88}.Release|Any CPU.Build.0 = Release|Any CPU
		{52181395-1547-4551-8EBF-4731BDE74530}.Debug|Any CPU.ActiveCfg = Debug|Any CPU
		{52181395-1547-4551-8EBF-4731BDE74530}.Debug|Any CPU.Build.0 = Debug|Any CPU
		{52181395-1547-4551-8EBF-4731BDE74530}.Release|Any CPU.ActiveCfg = Release|Any CPU
		{52181395-1547-4551-8EBF-4731BDE74530}.Release|Any CPU.Build.0 = Release|Any CPU
	EndGlobalSection
	GlobalSection(SolutionProperties) = preSolution
		HideSolutionNode = FALSE
	EndGlobalSection
	GlobalSection(ExtensibilityGlobals) = postSolution
		SolutionGuid = {76898979-2A23-42C5-965E-6B840DEBEC7F}
	EndGlobalSection
EndGlobal
